{
  "name": "epii-cli",
  "version": "0.2.0",
  "lockfileVersion": 1,
  "requires": true,
  "dependencies": {
    "ansi-regex": {
      "version": "http://registry.npm.taobao.org/ansi-regex/download/ansi-regex-2.0.0.tgz",
      "integrity": "sha1-xQYbbg74qBd15Q9dZhUb9r83EQc="
    },
    "ansi-styles": {
      "version": "http://registry.npm.taobao.org/ansi-styles/download/ansi-styles-2.2.1.tgz",
      "integrity": "sha1-tDLdM1i2NM914eRmQ2gkBTPB3b4="
    },
    "balanced-match": {
      "version": "http://registry.npm.taobao.org/balanced-match/download/balanced-match-0.4.2.tgz",
      "integrity": "sha1-yz8+PHMtwPAe5wtAPzAuYddwmDg="
    },
    "brace-expansion": {
      "version": "http://registry.npm.taobao.org/brace-expansion/download/brace-expansion-1.1.6.tgz",
      "integrity": "sha1-cZfX6qm4fmSDkOph/GbIRCdCDfk=",
      "requires": {
        "balanced-match": "http://registry.npm.taobao.org/balanced-match/download/balanced-match-0.4.2.tgz",
        "concat-map": "http://registry.npm.taobao.org/concat-map/download/concat-map-0.0.1.tgz"
      }
    },
    "chalk": {
      "version": "http://registry.npm.taobao.org/chalk/download/chalk-1.1.3.tgz",
      "integrity": "sha1-qBFcVeSnAv5NFQq9OHKCKn4J/Jg=",
      "requires": {
        "ansi-styles": "http://registry.npm.taobao.org/ansi-styles/download/ansi-styles-2.2.1.tgz",
        "escape-string-regexp": "http://registry.npm.taobao.org/escape-string-regexp/download/escape-string-regexp-1.0.5.tgz",
        "has-ansi": "http://registry.npm.taobao.org/has-ansi/download/has-ansi-2.0.0.tgz",
        "strip-ansi": "http://registry.npm.taobao.org/strip-ansi/download/strip-ansi-3.0.1.tgz",
        "supports-color": "http://registry.npm.taobao.org/supports-color/download/supports-color-2.0.0.tgz"
      }
    },
    "co": {
      "version": "https://registry.npm.taobao.org/co/download/co-4.6.0.tgz",
      "integrity": "sha1-bqa989hTrlTMuOR7+gvz+QMfsYQ="
    },
    "concat-map": {
      "version": "http://registry.npm.taobao.org/concat-map/download/concat-map-0.0.1.tgz",
      "integrity": "sha1-2Klr13/Wjfd5OnMDajug1UBdR3s="
    },
    "escape-string-regexp": {
      "version": "http://registry.npm.taobao.org/escape-string-regexp/download/escape-string-regexp-1.0.5.tgz",
      "integrity": "sha1-G2HAViGQqN/2rjuyzwIAyhMLhtQ="
    },
    "fs.realpath": {
      "version": "http://registry.npm.taobao.org/fs.realpath/download/fs.realpath-1.0.0.tgz",
      "integrity": "sha1-FQStJSMVjKpA20onh8sBQRmU6k8="
    },
    "glob": {
      "version": "http://registry.npm.taobao.org/glob/download/glob-7.1.1.tgz",
      "integrity": "sha1-gFIR3wT6rxxjo2ADBs31reULLsg=",
      "requires": {
        "fs.realpath": "http://registry.npm.taobao.org/fs.realpath/download/fs.realpath-1.0.0.tgz",
        "inflight": "http://registry.npm.taobao.org/inflight/download/inflight-1.0.6.tgz",
        "inherits": "http://registry.npm.taobao.org/inherits/download/inherits-2.0.3.tgz",
        "minimatch": "http://registry.npm.taobao.org/minimatch/download/minimatch-3.0.3.tgz",
        "once": "http://registry.npm.taobao.org/once/download/once-1.4.0.tgz",
        "path-is-absolute": "http://registry.npm.taobao.org/path-is-absolute/download/path-is-absolute-1.0.1.tgz"
      }
    },
    "has-ansi": {
      "version": "http://registry.npm.taobao.org/has-ansi/download/has-ansi-2.0.0.tgz",
      "integrity": "sha1-NPUEnOHs3ysGSa8+8k5F7TVBbZE=",
      "requires": {
        "ansi-regex": "http://registry.npm.taobao.org/ansi-regex/download/ansi-regex-2.0.0.tgz"
      }
    },
    "inflight": {
      "version": "http://registry.npm.taobao.org/inflight/download/inflight-1.0.6.tgz",
      "integrity": "sha1-Sb1jMdfQLQwJvJEKEHW6gWW1bfk=",
      "requires": {
        "once": "http://registry.npm.taobao.org/once/download/once-1.4.0.tgz",
        "wrappy": "http://registry.npm.taobao.org/wrappy/download/wrappy-1.0.2.tgz"
      }
    },
    "inherits": {
      "version": "http://registry.npm.taobao.org/inherits/download/inherits-2.0.3.tgz",
      "integrity": "sha1-Yzwsg+PaQqUC9SRmAiSA9CCCYd4="
    },
    "ini": {
      "version": "http://registry.npm.taobao.org/ini/download/ini-1.3.4.tgz",
      "integrity": "sha1-BTfLedr1m1mhpRff9wbIbsA5Fi4="
    },
    "minimatch": {
      "version": "http://registry.npm.taobao.org/minimatch/download/minimatch-3.0.3.tgz",
      "integrity": "sha1-Kk5AkLlrLbBqnX3wEFWmKnfJt3Q=",
      "requires": {
        "brace-expansion": "http://registry.npm.taobao.org/brace-expansion/download/brace-expansion-1.1.6.tgz"
      }
    },
    "once": {
      "version": "http://registry.npm.taobao.org/once/download/once-1.4.0.tgz",
      "integrity": "sha1-WDsap3WWHUsROsF9nFC6753Xa9E=",
      "requires": {
        "wrappy": "http://registry.npm.taobao.org/wrappy/download/wrappy-1.0.2.tgz"
      }
    },
    "path-is-absolute": {
      "version": "http://registry.npm.taobao.org/path-is-absolute/download/path-is-absolute-1.0.1.tgz",
      "integrity": "sha1-F0uSaHNVNP+8es5r9TpanhtcX18="
    },
    "strip-ansi": {
      "version": "http://registry.npm.taobao.org/strip-ansi/download/strip-ansi-3.0.1.tgz",
      "integrity": "sha1-ajhfuIU9lS1f8F0Oiq+UJ43GPc8=",
      "requires": {
        "ansi-regex": "http://registry.npm.taobao.org/ansi-regex/download/ansi-regex-2.0.0.tgz"
      }
    },
    "supports-color": {
      "version": "http://registry.npm.taobao.org/supports-color/download/supports-color-2.0.0.tgz",
      "integrity": "sha1-U10EXOa2Nj+kARcIRimZXp3zJMc="
    },
    "wrappy": {
      "version": "http://registry.npm.taobao.org/wrappy/download/wrappy-1.0.2.tgz",
      "integrity": "sha1-tSQ9jz7BqjXxNkYFvA0QNuMKtp8="
    }
  }
}
